Microsoft Visual Studio Solution File, Format Version 12.00
# Visual Studio 2013
VisualStudioVersion = 12.0.40629.0
MinimumVisualStudioVersion = 10.0.40219.1
Project("{8BC9CEB8-8B4A-11D0-8D11-00A0C91BC942}") = "PixQtLib", "PixQtLib\PixQtLib.vcxproj", "{41E3DA9F-7316-430F-BC98-F01C821B01AE}"
EndProject
Project("{8BC9CEB8-8B4A-11D0-8D11-00A0C91BC942}") = "PixImgLib", "PixImgLib\PixImgLib.vcxproj", "{89C7F769-DAB1-4FD6-B630-BDC01669300E}"
	ProjectSection(ProjectDependencies) = postProject
		{41E3DA9F-7316-430F-BC98-F01C821B01AE} = {41E3DA9F-7316-430F-BC98-F01C821B01AE}
	EndProjectSection
EndProject
Project("{8BC9CEB8-8B4A-11D0-8D11-00A0C91BC942}") = "QtRectify", "QtRectify\QtRectify.vcxproj", "{DC993447-9E17-4283-88EF-04E9E3D33678}"
	ProjectSection(ProjectDependencies) = postProject
		{89C7F769-DAB1-4FD6-B630-BDC01669300E} = {89C7F769-DAB1-4FD6-B630-BDC01669300E}
	EndProjectSection
EndProject
Project("{54435603-DBB4-11D2-8724-00A0C9A8B90C}") = "Setup_PixRectify64", "Setup_PixRectify64\Setup_PixRectify64.vdproj", "{A3DE6AE8-CA13-4289-9F0E-AAB0521327F3}"
	ProjectSection(ProjectDependencies) = postProject
		{DC993447-9E17-4283-88EF-04E9E3D33678} = {DC993447-9E17-4283-88EF-04E9E3D33678}
	EndProjectSection
EndProject
Global
	GlobalSection(SolutionConfigurationPlatforms) = preSolution
		Debug|Any CPU = Debug|Any CPU
		Debug|Mixed Platforms = Debug|Mixed Platforms
		Debug|Win32 = Debug|Win32
		Debug|x64 = Debug|x64
		Debug|x86 = Debug|x86
		Release|Any CPU = Release|Any CPU
		Release|Mixed Platforms = Release|Mixed Platforms
		Release|Win32 = Release|Win32
		Release|x64 = Release|x64
		Release|x86 = Release|x86
	EndGlobalSection
	GlobalSection(ProjectConfigurationPlatforms) = postSolution
		{41E3DA9F-7316-430F-BC98-F01C821B01AE}.Debug|Any CPU.ActiveCfg = Debug|Win32
		{41E3DA9F-7316-430F-BC98-F01C821B01AE}.Debug|Mixed Platforms.ActiveCfg = Debug|x64
		{41E3DA9F-7316-430F-BC98-F01C821B01AE}.Debug|Mixed Platforms.Build.0 = Debug|x64
		{41E3DA9F-7316-430F-BC98-F01C821B01AE}.Debug|Win32.ActiveCfg = Debug|Win32
		{41E3DA9F-7316-430F-BC98-F01C821B01AE}.Debug|Win32.Build.0 = Debug|Win32
		{41E3DA9F-7316-430F-BC98-F01C821B01AE}.Debug|x64.ActiveCfg = Debug|x64
		{41E3DA9F-7316-430F-BC98-F01C821B01AE}.Debug|x64.Build.0 = Debug|x64
		{41E3DA9F-7316-430F-BC98-F01C821B01AE}.Debug|x86.ActiveCfg = Debug|Win32
		{41E3DA9F-7316-430F-BC98-F01C821B01AE}.Debug|x86.Build.0 = Debug|Win32
		{41E3DA9F-7316-430F-BC98-F01C821B01AE}.Release|Any CPU.ActiveCfg = Release|Win32
		{41E3DA9F-7316-430F-BC98-F01C821B01AE}.Release|Mixed Platforms.ActiveCfg = Release|x64
		{41E3DA9F-7316-430F-BC98-F01C821B01AE}.Release|Mixed Platforms.Build.0 = Release|x64
		{41E3DA9F-7316-430F-BC98-F01C821B01AE}.Release|Win32.ActiveCfg = Release|Win32
		{41E3DA9F-7316-430F-BC98-F01C821B01AE}.Release|Win32.Build.0 = Release|Win32
		{41E3DA9F-7316-430F-BC98-F01C821B01AE}.Release|x64.ActiveCfg = Release|x64
		{41E3DA9F-7316-430F-BC98-F01C821B01AE}.Release|x64.Build.0 = Release|x64
		{41E3DA9F-7316-430F-BC98-F01C821B01AE}.Release|x86.ActiveCfg = Release|Win32
		{41E3DA9F-7316-430F-BC98-F01C821B01AE}.Release|x86.Build.0 = Release|Win32
		{89C7F769-DAB1-4FD6-B630-BDC01669300E}.Debug|Any CPU.ActiveCfg = Debug|Win32
		{89C7F769-DAB1-4FD6-B630-BDC01669300E}.Debug|Mixed Platforms.ActiveCfg = Debug|Win32
		{89C7F769-DAB1-4FD6-B630-BDC01669300E}.Debug|Mixed Platforms.Build.0 = Debug|Win32
		{89C7F769-DAB1-4FD6-B630-BDC01669300E}.Debug|Win32.ActiveCfg = Debug|Win32
		{89C7F769-DAB1-4FD6-B630-BDC01669300E}.Debug|Win32.Build.0 = Debug|Win32
		{89C7F769-DAB1-4FD6-B630-BDC01669300E}.Debug|x64.ActiveCfg = Debug|x64
		{89C7F769-DAB1-4FD6-B630-BDC01669300E}.Debug|x64.Build.0 = Debug|x64
		{89C7F769-DAB1-4FD6-B630-BDC01669300E}.Debug|x86.ActiveCfg = Debug|Win32
		{89C7F769-DAB1-4FD6-B630-BDC01669300E}.Debug|x86.Build.0 = Debug|Win32
		{89C7F769-DAB1-4FD6-B630-BDC01669300E}.Release|Any CPU.ActiveCfg = Release|Win32
		{89C7F769-DAB1-4FD6-B630-BDC01669300E}.Release|Mixed Platforms.ActiveCfg = Release|Win32
		{89C7F769-DAB1-4FD6-B630-BDC01669300E}.Release|Mixed Platforms.Build.0 = Release|Win32
		{89C7F769-DAB1-4FD6-B630-BDC01669300E}.Release|Win32.ActiveCfg = Release|Win32
		{89C7F769-DAB1-4FD6-B630-BDC01669300E}.Release|Win32.Build.0 = Release|Win32
		{89C7F769-DAB1-4FD6-B630-BDC01669300E}.Release|x64.ActiveCfg = Release|x64
		{89C7F769-DAB1-4FD6-B630-BDC01669300E}.Release|x64.Build.0 = Release|x64
		{89C7F769-DAB1-4FD6-B630-BDC01669300E}.Release|x86.ActiveCfg = Release|Win32
		{89C7F769-DAB1-4FD6-B630-BDC01669300E}.Release|x86.Build.0 = Release|Win32
		{DC993447-9E17-4283-88EF-04E9E3D33678}.Debug|Any CPU.ActiveCfg = Debug|Win32
		{DC993447-9E17-4283-88EF-04E9E3D33678}.Debug|Mixed Platforms.ActiveCfg = Debug|Win32
		{DC993447-9E17-4283-88EF-04E9E3D33678}.Debug|Mixed Platforms.Build.0 = Debug|Win32
		{DC993447-9E17-4283-88EF-04E9E3D33678}.Debug|Win32.ActiveCfg = Debug|Win32
		{DC993447-9E17-4283-88EF-04E9E3D33678}.Debug|Win32.Build.0 = Debug|Win32
		{DC993447-9E17-4283-88EF-04E9E3D33678}.Debug|x64.ActiveCfg = Debug|x64
		{DC993447-9E17-4283-88EF-04E9E3D33678}.Debug|x64.Build.0 = Debug|x64
		{DC993447-9E17-4283-88EF-04E9E3D33678}.Debug|x86.ActiveCfg = Debug|Win32
		{DC993447-9E17-4283-88EF-04E9E3D33678}.Debug|x86.Build.0 = Debug|Win32
		{DC993447-9E17-4283-88EF-04E9E3D33678}.Release|Any CPU.ActiveCfg = Release|Win32
		{DC993447-9E17-4283-88EF-04E9E3D33678}.Release|Mixed Platforms.ActiveCfg = Release|Win32
		{DC993447-9E17-4283-88EF-04E9E3D33678}.Release|Mixed Platforms.Build.0 = Release|Win32
		{DC993447-9E17-4283-88EF-04E9E3D33678}.Release|Win32.ActiveCfg = Release|Win32
		{DC993447-9E17-4283-88EF-04E9E3D33678}.Release|Win32.Build.0 = Release|Win32
		{DC993447-9E17-4283-88EF-04E9E3D33678}.Release|x64.ActiveCfg = Release|x64
		{DC993447-9E17-4283-88EF-04E9E3D33678}.Release|x64.Build.0 = Release|x64
		{DC993447-9E17-4283-88EF-04E9E3D33678}.Release|x86.ActiveCfg = Release|Win32
		{DC993447-9E17-4283-88EF-04E9E3D33678}.Release|x86.Build.0 = Release|Win32
		{A3DE6AE8-CA13-4289-9F0E-AAB0521327F3}.Debug|Any CPU.ActiveCfg = Debug
		{A3DE6AE8-CA13-4289-9F0E-AAB0521327F3}.Debug|Any CPU.Build.0 = Debug
		{A3DE6AE8-CA13-4289-9F0E-AAB0521327F3}.Debug|Mixed Platforms.ActiveCfg = Debug
		{A3DE6AE8-CA13-4289-9F0E-AAB0521327F3}.Debug|Mixed Platforms.Build.0 = Debug
		{A3DE6AE8-CA13-4289-9F0E-AAB0521327F3}.Debug|Win32.ActiveCfg = Debug
		{A3DE6AE8-CA13-4289-9F0E-AAB0521327F3}.Debug|Win32.Build.0 = Debug
		{A3DE6AE8-CA13-4289-9F0E-AAB0521327F3}.Debug|x64.ActiveCfg = Debug
		{A3DE6AE8-CA13-4289-9F0E-AAB0521327F3}.Debug|x64.Build.0 = Debug
		{A3DE6AE8-CA13-4289-9F0E-AAB0521327F3}.Debug|x86.ActiveCfg = Debug
		{A3DE6AE8-CA13-4289-9F0E-AAB0521327F3}.Debug|x86.Build.0 = Debug
		{A3DE6AE8-CA13-4289-9F0E-AAB0521327F3}.Release|Any CPU.ActiveCfg = Release
		{A3DE6AE8-CA13-4289-9F0E-AAB0521327F3}.Release|Any CPU.Build.0 = Release
		{A3DE6AE8-CA13-4289-9F0E-AAB0521327F3}.Release|Mixed Platforms.ActiveCfg = Release
		{A3DE6AE8-CA13-4289-9F0E-AAB0521327F3}.Release|Mixed Platforms.Build.0 = Release
		{A3DE6AE8-CA13-4289-9F0E-AAB0521327F3}.Release|Win32.ActiveCfg = Release
		{A3DE6AE8-CA13-4289-9F0E-AAB0521327F3}.Release|Win32.Build.0 = Release
		{A3DE6AE8-CA13-4289-9F0E-AAB0521327F3}.Release|x64.ActiveCfg = Release
		{A3DE6AE8-CA13-4289-9F0E-AAB0521327F3}.Release|x64.Build.0 = Release
		{A3DE6AE8-CA13-4289-9F0E-AAB0521327F3}.Release|x86.ActiveCfg = Release
		{A3DE6AE8-CA13-4289-9F0E-AAB0521327F3}.Release|x86.Build.0 = Release
	EndGlobalSection
	GlobalSection(SolutionProperties) = preSolution
		HideSolutionNode = FALSE
	EndGlobalSection
EndGlobal
